
Microsoft Visual Studio Solution File, Format Version 12.00
# Visual Studio 15
VisualStudioVersion = 15.0.28010.2036
MinimumVisualStudioVersion = 10.0.40219.1
Project("{FAE04EC0-301F-11D3-BF4B-00C04F79EFBC}") = "ConsoleApp1", "ConsoleApp1\ConsoleApp1.csproj", "{685B43FF-D61A-47CC-B783-6EA3FD211984}"
EndProject
Global
	GlobalSection(SolutionConfigurationPlatforms) = preSolution
		Debug|Any CPU = Debug|Any CPU
		Release|Any CPU = Release|Any CPU
	EndGlobalSection
	GlobalSection(ProjectConfigurationPlatforms) = postSolution
		{685B43FF-D61A-47CC-B783-6EA3FD211984}.Debug|Any CPU.ActiveCfg = Debug|Any CPU
		{685B43FF-D61A-47CC-B783-6EA3FD211984}.Debug|Any CPU.Build.0 = Debug|Any CPU
		{685B43FF-D61A-47CC-B783-6EA3FD211984}.Release|Any CPU.ActiveCfg = Release|Any CPU
		{685B43FF-D61A-47CC-B783-6EA3FD211984}.Release|Any CPU.Build.0 = Release|Any CPU
	EndGlobalSection
	GlobalSection(SolutionProperties) = preSolution
		HideSolutionNode = FALSE
	EndGlobalSection
	GlobalSection(ExtensibilityGlobals) = postSolution
		SolutionGuid = {7FC881DB-2A6C-48EA-8F4D-8BF9BD2DBF3D}
	EndGlobalSection
EndGlobal
